<?xml version="1.0" encoding="utf-8"?>
<Project ToolsVersion="4.0" xmlns="http://schemas.microsoft.com/developer/msbuild/2003">
  <ItemGroup>
    <Filter Include="Kilo">
      <UniqueIdentifier>{F4FC877C-E033-890D-8920-6F107536050F}</UniqueIdentifier>
    </Filter>
    <Filter Include="Kilo\Core">
      <UniqueIdentifier>{CC598979-38C4-3DF0-8102-EF95EDAB1B45}</UniqueIdentifier>
    </Filter>
    <Filter Include="Kilo\Core\Errors">
      <UniqueIdentifier>{184B1538-0444-348A-2D76-190F19CE1396}</UniqueIdentifier>
    </Filter>
  </ItemGroup>
  <ItemGroup>
    <ClInclude Include="src\Kilo.h" />
    <ClInclude Include="src\Kilo\Core\Core.h">
      <Filter>Kilo\Core</Filter>
    </ClInclude>
    <ClInclude Include="src\Kilo\Core\Error.h">
      <Filter>Kilo\Core\Errors</Filter>
    </ClInclude>
  </ItemGroup>
</Project>