<?xml version="1.0" encoding="utf-8"?>
<Project ToolsVersion="4.0" xmlns="http://schemas.microsoft.com/developer/msbuild/2003">
  <ItemGroup>
    <Filter Include="Kilo">
      <UniqueIdentifier>{F4FC877C-E033-890D-8920-6F107536050F}</UniqueIdentifier>
    </Filter>
    <Filter Include="Kilo\Core">
      <UniqueIdentifier>{CC598979-38C4-3DF0-8102-EF95EDAB1B45}</UniqueIdentifier>
    </Filter>
    <Filter Include="Kilo\UI">
      <UniqueIdentifier>{A11BDD8D-0DFB-5B29-1613-E7FF8271C28A}</UniqueIdentifier>
    </Filter>
    <Filter Include="Kilo\UI\Base">
      <UniqueIdentifier>{CBE44C36-B747-DCDA-60CD-14914C0FA85D}</UniqueIdentifier>
    </Filter>
  </ItemGroup>
  <ItemGroup>
    <ClInclude Include="src\Kilo.h" />
    <ClInclude Include="src\Kilo\Core\Core.h">
      <Filter>Kilo\Core</Filter>
    </ClInclude>
    <ClInclude Include="src\Kilo\Core\Error.h">
      <Filter>Kilo\Core</Filter>
    </ClInclude>
    <ClInclude Include="src\Kilo\UI\Base\Base.h">
      <Filter>Kilo\UI\Base</Filter>
    </ClInclude>
    <ClInclude Include="src\Kilo\UI\UI.h">
      <Filter>Kilo\UI</Filter>
    </ClInclude>
  </ItemGroup>
  <ItemGroup>
    <ClCompile Include="src\Kilo\Core\Core.cpp">
      <Filter>Kilo\Core</Filter>
    </ClCompile>
    <ClCompile Include="src\Kilo\UI\Base\Base.cpp">
      <Filter>Kilo\UI\Base</Filter>
    </ClCompile>
    <ClCompile Include="src\Kilo\UI\UI.cpp">
      <Filter>Kilo\UI</Filter>
    </ClCompile>
  </ItemGroup>
</Project>